{
  "name": "blah-blah-blog-api",
  "lockfileVersion": 3,
  "requires": true,
  "packages": {
    "": {
      "devDependencies": {
        "web-vitals": "^3.3.2"
      }
    },
    "node_modules/web-vitals": {
      "version": "3.3.2",
      "resolved": "https://registry.npmjs.org/web-vitals/-/web-vitals-3.3.2.tgz",
      "integrity": "sha512-qRkpmSeKfEWAzNhtX541xA8gCJ+pqCqBmUlDVkVDSCSYUvfvNqF+k9g8I+uyreRcDBdfiJrd0/aLbTy5ydo49Q==",
      "dev": true
    }
  }
}
